
Microsoft Visual Studio Solution File, Format Version 12.00
# Visual Studio Version 17
VisualStudioVersion = 17.0.31903.59
MinimumVisualStudioVersion = 10.0.40219.1
Project("{2150E333-8FDC-42A3-9474-1A3956D46DE8}") = "src", "src", "{827E0CD3-B72D-47B6-A68D-7590B98EB39B}"
EndProject
Project("{FAE04EC0-301F-11D3-BF4B-00C04F79EFBC}") = "A2S.Domain", "src\A2S.Domain\A2S.Domain.csproj", "{DD1B6721-D264-4753-A230-F4563EF4BA44}"
EndProject
Project("{FAE04EC0-301F-11D3-BF4B-00C04F79EFBC}") = "A2S.Application", "src\A2S.Application\A2S.Application.csproj", "{11B65B62-515E-4E21-9F49-F198C801ED57}"
EndProject
Project("{FAE04EC0-301F-11D3-BF4B-00C04F79EFBC}") = "A2S.Infrastructure", "src\A2S.Infrastructure\A2S.Infrastructure.csproj", "{0567007E-14EB-4248-BE6A-AF62F20FB5EC}"
EndProject
Project("{FAE04EC0-301F-11D3-BF4B-00C04F79EFBC}") = "A2S.Api", "src\A2S.Api\A2S.Api.csproj", "{FDADEDCA-67D3-4338-93F6-A9F4401C4931}"
EndProject
Project("{2150E333-8FDC-42A3-9474-1A3956D46DE8}") = "tests", "tests", "{0AB3BF05-4346-4AA6-1389-037BE0695223}"
EndProject
Project("{FAE04EC0-301F-11D3-BF4B-00C04F79EFBC}") = "A2S.Domain.Tests", "tests\A2S.Domain.Tests\A2S.Domain.Tests.csproj", "{74655D24-6455-44BB-B931-3A37D2F7D079}"
EndProject
Project("{FAE04EC0-301F-11D3-BF4B-00C04F79EFBC}") = "A2S.Application.Tests", "tests\A2S.Application.Tests\A2S.Application.Tests.csproj", "{104FBBEC-E24B-4D79-BE49-0CFA8076E20E}"
EndProject
Project("{FAE04EC0-301F-11D3-BF4B-00C04F79EFBC}") = "A2S.Infrastructure.Tests", "tests\A2S.Infrastructure.Tests\A2S.Infrastructure.Tests.csproj", "{50400C66-255D-45B4-BA3C-131A118EA871}"
EndProject
Project("{FAE04EC0-301F-11D3-BF4B-00C04F79EFBC}") = "A2S.Api.Tests", "tests\A2S.Api.Tests\A2S.Api.Tests.csproj", "{E2A3FC16-5BBB-4A6C-A8D6-B3B99101B23A}"
EndProject
Project("{FAE04EC0-301F-11D3-BF4B-00C04F79EFBC}") = "A2S.E2ETests", "tests\A2S.E2ETests\A2S.E2ETests.csproj", "{D1F75EF7-F1DD-4C96-A20C-36AA0EC38557}"
EndProject
Project("{FAE04EC0-301F-11D3-BF4B-00C04F79EFBC}") = "A2S.Tests.Shared", "tests\A2S.Tests.Shared\A2S.Tests.Shared.csproj", "{BD62321B-C354-4268-ABA8-0FB9C70BADFD}"
EndProject
Global
	GlobalSection(SolutionConfigurationPlatforms) = preSolution
		Debug|Any CPU = Debug|Any CPU
		Debug|x64 = Debug|x64
		Debug|x86 = Debug|x86
		Release|Any CPU = Release|Any CPU
		Release|x64 = Release|x64
		Release|x86 = Release|x86
	EndGlobalSection
	GlobalSection(ProjectConfigurationPlatforms) = postSolution
		{DD1B6721-D264-4753-A230-F4563EF4BA44}.Debug|Any CPU.ActiveCfg = Debug|Any CPU
		{DD1B6721-D264-4753-A230-F4563EF4BA44}.Debug|Any CPU.Build.0 = Debug|Any CPU
		{DD1B6721-D264-4753-A230-F4563EF4BA44}.Debug|x64.ActiveCfg = Debug|Any CPU
		{DD1B6721-D264-4753-A230-F4563EF4BA44}.Debug|x64.Build.0 = Debug|Any CPU
		{DD1B6721-D264-4753-A230-F4563EF4BA44}.Debug|x86.ActiveCfg = Debug|Any CPU
		{DD1B6721-D264-4753-A230-F4563EF4BA44}.Debug|x86.Build.0 = Debug|Any CPU
		{DD1B6721-D264-4753-A230-F4563EF4BA44}.Release|Any CPU.ActiveCfg = Release|Any CPU
		{DD1B6721-D264-4753-A230-F4563EF4BA44}.Release|Any CPU.Build.0 = Release|Any CPU
		{DD1B6721-D264-4753-A230-F4563EF4BA44}.Release|x64.ActiveCfg = Release|Any CPU
		{DD1B6721-D264-4753-A230-F4563EF4BA44}.Release|x64.Build.0 = Release|Any CPU
		{DD1B6721-D264-4753-A230-F4563EF4BA44}.Release|x86.ActiveCfg = Release|Any CPU
		{DD1B6721-D264-4753-A230-F4563EF4BA44}.Release|x86.Build.0 = Release|Any CPU
		{11B65B62-515E-4E21-9F49-F198C801ED57}.Debug|Any CPU.ActiveCfg = Debug|Any CPU
		{11B65B62-515E-4E21-9F49-F198C801ED57}.Debug|Any CPU.Build.0 = Debug|Any CPU
		{11B65B62-515E-4E21-9F49-F198C801ED57}.Debug|x64.ActiveCfg = Debug|Any CPU
		{11B65B62-515E-4E21-9F49-F198C801ED57}.Debug|x64.Build.0 = Debug|Any CPU
		{11B65B62-515E-4E21-9F49-F198C801ED57}.Debug|x86.ActiveCfg = Debug|Any CPU
		{11B65B62-515E-4E21-9F49-F198C801ED57}.Debug|x86.Build.0 = Debug|Any CPU
		{11B65B62-515E-4E21-9F49-F198C801ED57}.Release|Any CPU.ActiveCfg = Release|Any CPU
		{11B65B62-515E-4E21-9F49-F198C801ED57}.Release|Any CPU.Build.0 = Release|Any CPU
		{11B65B62-515E-4E21-9F49-F198C801ED57}.Release|x64.ActiveCfg = Release|Any CPU
		{11B65B62-515E-4E21-9F49-F198C801ED57}.Release|x64.Build.0 = Release|Any CPU
		{11B65B62-515E-4E21-9F49-F198C801ED57}.Release|x86.ActiveCfg = Release|Any CPU
		{11B65B62-515E-4E21-9F49-F198C801ED57}.Release|x86.Build.0 = Release|Any CPU
		{0567007E-14EB-4248-BE6A-AF62F20FB5EC}.Debug|Any CPU.ActiveCfg = Debug|Any CPU
		{0567007E-14EB-4248-BE6A-AF62F20FB5EC}.Debug|Any CPU.Build.0 = Debug|Any CPU
		{0567007E-14EB-4248-BE6A-AF62F20FB5EC}.Debug|x64.ActiveCfg = Debug|Any CPU
		{0567007E-14EB-4248-BE6A-AF62F20FB5EC}.Debug|x64.Build.0 = Debug|Any CPU
		{0567007E-14EB-4248-BE6A-AF62F20FB5EC}.Debug|x86.ActiveCfg = Debug|Any CPU
		{0567007E-14EB-4248-BE6A-AF62F20FB5EC}.Debug|x86.Build.0 = Debug|Any CPU
		{0567007E-14EB-4248-BE6A-AF62F20FB5EC}.Release|Any CPU.ActiveCfg = Release|Any CPU
		{0567007E-14EB-4248-BE6A-AF62F20FB5EC}.Release|Any CPU.Build.0 = Release|Any CPU
		{0567007E-14EB-4248-BE6A-AF62F20FB5EC}.Release|x64.ActiveCfg = Release|Any CPU
		{0567007E-14EB-4248-BE6A-AF62F20FB5EC}.Release|x64.Build.0 = Release|Any CPU
		{0567007E-14EB-4248-BE6A-AF62F20FB5EC}.Release|x86.ActiveCfg = Release|Any CPU
		{0567007E-14EB-4248-BE6A-AF62F20FB5EC}.Release|x86.Build.0 = Release|Any CPU
		{FDADEDCA-67D3-4338-93F6-A9F4401C4931}.Debug|Any CPU.ActiveCfg = Debug|Any CPU
		{FDADEDCA-67D3-4338-93F6-A9F4401C4931}.Debug|Any CPU.Build.0 = Debug|Any CPU
		{FDADEDCA-67D3-4338-93F6-A9F4401C4931}.Debug|x64.ActiveCfg = Debug|Any CPU
		{FDADEDCA-67D3-4338-93F6-A9F4401C4931}.Debug|x64.Build.0 = Debug|Any CPU
		{FDADEDCA-67D3-4338-93F6-A9F4401C4931}.Debug|x86.ActiveCfg = Debug|Any CPU
		{FDADEDCA-67D3-4338-93F6-A9F4401C4931}.Debug|x86.Build.0 = Debug|Any CPU
		{FDADEDCA-67D3-4338-93F6-A9F4401C4931}.Release|Any CPU.ActiveCfg = Release|Any CPU
		{FDADEDCA-67D3-4338-93F6-A9F4401C4931}.Release|Any CPU.Build.0 = Release|Any CPU
		{FDADEDCA-67D3-4338-93F6-A9F4401C4931}.Release|x64.ActiveCfg = Release|Any CPU
		{FDADEDCA-67D3-4338-93F6-A9F4401C4931}.Release|x64.Build.0 = Release|Any CPU
		{FDADEDCA-67D3-4338-93F6-A9F4401C4931}.Release|x86.ActiveCfg = Release|Any CPU
		{FDADEDCA-67D3-4338-93F6-A9F4401C4931}.Release|x86.Build.0 = Release|Any CPU
		{74655D24-6455-44BB-B931-3A37D2F7D079}.Debug|Any CPU.ActiveCfg = Debug|Any CPU
		{74655D24-6455-44BB-B931-3A37D2F7D079}.Debug|Any CPU.Build.0 = Debug|Any CPU
		{74655D24-6455-44BB-B931-3A37D2F7D079}.Debug|x64.ActiveCfg = Debug|Any CPU
		{74655D24-6455-44BB-B931-3A37D2F7D079}.Debug|x64.Build.0 = Debug|Any CPU
		{74655D24-6455-44BB-B931-3A37D2F7D079}.Debug|x86.ActiveCfg = Debug|Any CPU
		{74655D24-6455-44BB-B931-3A37D2F7D079}.Debug|x86.Build.0 = Debug|Any CPU
		{74655D24-6455-44BB-B931-3A37D2F7D079}.Release|Any CPU.ActiveCfg = Release|Any CPU
		{74655D24-6455-44BB-B931-3A37D2F7D079}.Release|Any CPU.Build.0 = Release|Any CPU
		{74655D24-6455-44BB-B931-3A37D2F7D079}.Release|x64.ActiveCfg = Release|Any CPU
		{74655D24-6455-44BB-B931-3A37D2F7D079}.Release|x64.Build.0 = Release|Any CPU
		{74655D24-6455-44BB-B931-3A37D2F7D079}.Release|x86.ActiveCfg = Release|Any CPU
		{74655D24-6455-44BB-B931-3A37D2F7D079}.Release|x86.Build.0 = Release|Any CPU
		{104FBBEC-E24B-4D79-BE49-0CFA8076E20E}.Debug|Any CPU.ActiveCfg = Debug|Any CPU
		{104FBBEC-E24B-4D79-BE49-0CFA8076E20E}.Debug|Any CPU.Build.0 = Debug|Any CPU
		{104FBBEC-E24B-4D79-BE49-0CFA8076E20E}.Debug|x64.ActiveCfg = Debug|Any CPU
		{104FBBEC-E24B-4D79-BE49-0CFA8076E20E}.Debug|x64.Build.0 = Debug|Any CPU
		{104FBBEC-E24B-4D79-BE49-0CFA8076E20E}.Debug|x86.ActiveCfg = Debug|Any CPU
		{104FBBEC-E24B-4D79-BE49-0CFA8076E20E}.Debug|x86.Build.0 = Debug|Any CPU
		{104FBBEC-E24B-4D79-BE49-0CFA8076E20E}.Release|Any CPU.ActiveCfg = Release|Any CPU
		{104FBBEC-E24B-4D79-BE49-0CFA8076E20E}.Release|Any CPU.Build.0 = Release|Any CPU
		{104FBBEC-E24B-4D79-BE49-0CFA8076E20E}.Release|x64.ActiveCfg = Release|Any CPU
		{104FBBEC-E24B-4D79-BE49-0CFA8076E20E}.Release|x64.Build.0 = Release|Any CPU
		{104FBBEC-E24B-4D79-BE49-0CFA8076E20E}.Release|x86.ActiveCfg = Release|Any CPU
		{104FBBEC-E24B-4D79-BE49-0CFA8076E20E}.Release|x86.Build.0 = Release|Any CPU
		{50400C66-255D-45B4-BA3C-131A118EA871}.Debug|Any CPU.ActiveCfg = Debug|Any CPU
		{50400C66-255D-45B4-BA3C-131A118EA871}.Debug|Any CPU.Build.0 = Debug|Any CPU
		{50400C66-255D-45B4-BA3C-131A118EA871}.Debug|x64.ActiveCfg = Debug|Any CPU
		{50400C66-255D-45B4-BA3C-131A118EA871}.Debug|x64.Build.0 = Debug|Any CPU
		{50400C66-255D-45B4-BA3C-131A118EA871}.Debug|x86.ActiveCfg = Debug|Any CPU
		{50400C66-255D-45B4-BA3C-131A118EA871}.Debug|x86.Build.0 = Debug|Any CPU
		{50400C66-255D-45B4-BA3C-131A118EA871}.Release|Any CPU.ActiveCfg = Release|Any CPU
		{50400C66-255D-45B4-BA3C-131A118EA871}.Release|Any CPU.Build.0 = Release|Any CPU
		{50400C66-255D-45B4-BA3C-131A118EA871}.Release|x64.ActiveCfg = Release|Any CPU
		{50400C66-255D-45B4-BA3C-131A118EA871}.Release|x64.Build.0 = Release|Any CPU
		{50400C66-255D-45B4-BA3C-131A118EA871}.Release|x86.ActiveCfg = Release|Any CPU
		{50400C66-255D-45B4-BA3C-131A118EA871}.Release|x86.Build.0 = Release|Any CPU
		{E2A3FC16-5BBB-4A6C-A8D6-B3B99101B23A}.Debug|Any CPU.ActiveCfg = Debug|Any CPU
		{E2A3FC16-5BBB-4A6C-A8D6-B3B99101B23A}.Debug|Any CPU.Build.0 = Debug|Any CPU
		{E2A3FC16-5BBB-4A6C-A8D6-B3B99101B23A}.Debug|x64.ActiveCfg = Debug|Any CPU
		{E2A3FC16-5BBB-4A6C-A8D6-B3B99101B23A}.Debug|x64.Build.0 = Debug|Any CPU
		{E2A3FC16-5BBB-4A6C-A8D6-B3B99101B23A}.Debug|x86.ActiveCfg = Debug|Any CPU
		{E2A3FC16-5BBB-4A6C-A8D6-B3B99101B23A}.Debug|x86.Build.0 = Debug|Any CPU
		{E2A3FC16-5BBB-4A6C-A8D6-B3B99101B23A}.Release|Any CPU.ActiveCfg = Release|Any CPU
		{E2A3FC16-5BBB-4A6C-A8D6-B3B99101B23A}.Release|Any CPU.Build.0 = Release|Any CPU
		{E2A3FC16-5BBB-4A6C-A8D6-B3B99101B23A}.Release|x64.ActiveCfg = Release|Any CPU
		{E2A3FC16-5BBB-4A6C-A8D6-B3B99101B23A}.Release|x64.Build.0 = Release|Any CPU
		{E2A3FC16-5BBB-4A6C-A8D6-B3B99101B23A}.Release|x86.ActiveCfg = Release|Any CPU
		{E2A3FC16-5BBB-4A6C-A8D6-B3B99101B23A}.Release|x86.Build.0 = Release|Any CPU
		{D1F75EF7-F1DD-4C96-A20C-36AA0EC38557}.Debug|Any CPU.ActiveCfg = Debug|Any CPU
		{D1F75EF7-F1DD-4C96-A20C-36AA0EC38557}.Debug|Any CPU.Build.0 = Debug|Any CPU
		{D1F75EF7-F1DD-4C96-A20C-36AA0EC38557}.Debug|x64.ActiveCfg = Debug|Any CPU
		{D1F75EF7-F1DD-4C96-A20C-36AA0EC38557}.Debug|x64.Build.0 = Debug|Any CPU
		{D1F75EF7-F1DD-4C96-A20C-36AA0EC38557}.Debug|x86.ActiveCfg = Debug|Any CPU
		{D1F75EF7-F1DD-4C96-A20C-36AA0EC38557}.Debug|x86.Build.0 = Debug|Any CPU
		{D1F75EF7-F1DD-4C96-A20C-36AA0EC38557}.Release|Any CPU.ActiveCfg = Release|Any CPU
		{D1F75EF7-F1DD-4C96-A20C-36AA0EC38557}.Release|Any CPU.Build.0 = Release|Any CPU
		{D1F75EF7-F1DD-4C96-A20C-36AA0EC38557}.Release|x64.ActiveCfg = Release|Any CPU
		{D1F75EF7-F1DD-4C96-A20C-36AA0EC38557}.Release|x64.Build.0 = Release|Any CPU
		{D1F75EF7-F1DD-4C96-A20C-36AA0EC38557}.Release|x86.ActiveCfg = Release|Any CPU
		{D1F75EF7-F1DD-4C96-A20C-36AA0EC38557}.Release|x86.Build.0 = Release|Any CPU
		{BD62321B-C354-4268-ABA8-0FB9C70BADFD}.Debug|Any CPU.ActiveCfg = Debug|Any CPU
		{BD62321B-C354-4268-ABA8-0FB9C70BADFD}.Debug|Any CPU.Build.0 = Debug|Any CPU
		{BD62321B-C354-4268-ABA8-0FB9C70BADFD}.Debug|x64.ActiveCfg = Debug|Any CPU
		{BD62321B-C354-4268-ABA8-0FB9C70BADFD}.Debug|x64.Build.0 = Debug|Any CPU
		{BD62321B-C354-4268-ABA8-0FB9C70BADFD}.Debug|x86.ActiveCfg = Debug|Any CPU
		{BD62321B-C354-4268-ABA8-0FB9C70BADFD}.Debug|x86.Build.0 = Debug|Any CPU
		{BD62321B-C354-4268-ABA8-0FB9C70BADFD}.Release|Any CPU.ActiveCfg = Release|Any CPU
		{BD62321B-C354-4268-ABA8-0FB9C70BADFD}.Release|Any CPU.Build.0 = Release|Any CPU
		{BD62321B-C354-4268-ABA8-0FB9C70BADFD}.Release|x64.ActiveCfg = Release|Any CPU
		{BD62321B-C354-4268-ABA8-0FB9C70BADFD}.Release|x64.Build.0 = Release|Any CPU
		{BD62321B-C354-4268-ABA8-0FB9C70BADFD}.Release|x86.ActiveCfg = Release|Any CPU
		{BD62321B-C354-4268-ABA8-0FB9C70BADFD}.Release|x86.Build.0 = Release|Any CPU
	EndGlobalSection
	GlobalSection(SolutionProperties) = preSolution
		HideSolutionNode = FALSE
	EndGlobalSection
	GlobalSection(NestedProjects) = preSolution
		{DD1B6721-D264-4753-A230-F4563EF4BA44} = {827E0CD3-B72D-47B6-A68D-7590B98EB39B}
		{11B65B62-515E-4E21-9F49-F198C801ED57} = {827E0CD3-B72D-47B6-A68D-7590B98EB39B}
		{0567007E-14EB-4248-BE6A-AF62F20FB5EC} = {827E0CD3-B72D-47B6-A68D-7590B98EB39B}
		{FDADEDCA-67D3-4338-93F6-A9F4401C4931} = {827E0CD3-B72D-47B6-A68D-7590B98EB39B}
		{74655D24-6455-44BB-B931-3A37D2F7D079} = {0AB3BF05-4346-4AA6-1389-037BE0695223}
		{104FBBEC-E24B-4D79-BE49-0CFA8076E20E} = {0AB3BF05-4346-4AA6-1389-037BE0695223}
		{50400C66-255D-45B4-BA3C-131A118EA871} = {0AB3BF05-4346-4AA6-1389-037BE0695223}
		{E2A3FC16-5BBB-4A6C-A8D6-B3B99101B23A} = {0AB3BF05-4346-4AA6-1389-037BE0695223}
		{D1F75EF7-F1DD-4C96-A20C-36AA0EC38557} = {0AB3BF05-4346-4AA6-1389-037BE0695223}
		{BD62321B-C354-4268-ABA8-0FB9C70BADFD} = {0AB3BF05-4346-4AA6-1389-037BE0695223}
	EndGlobalSection
EndGlobal
